{
  "name": "frontend",
  "version": "0.0.1",
  "lockfileVersion": 3,
  "requires": true,
  "packages": {
    "": {
      "name": "frontend",
      "version": "0.0.1",
      "license": "MIT",
      "dependencies": {
        "@buf/grpc_grpc.bufbuild_connect-es": "^0.9.0-20230516211939-d8bc6b0fb32a.1",
        "@bufbuild/connect": "^0.9.0",
        "@bufbuild/connect-web": "^0.9.0",
        "vite": "^4.3.9"
      },
      "devDependencies": {
        "@bufbuild/buf": "^1.19.0-1",
        "@bufbuild/protoc-gen-connect-es": "^0.9.0",
        "@bufbuild/protoc-gen-es": "^1.2.0",
        "typescript": "^5.0.4"
      }
    },
    "node_modules/@buf/cncf_xds.bufbuild_connect-es": {
      "version": "0.9.0-20230428204815-197fca8a74c5.1",
      "resolved": "https://buf.build/gen/npm/v1/@buf/cncf_xds.bufbuild_connect-es/-/cncf_xds.bufbuild_connect-es-0.9.0-20230428204815-197fca8a74c5.1.tgz",
      "dependencies": {
        "@buf/cncf_xds.bufbuild_es": "1.2.0-20230428204815-197fca8a74c5.1",
        "@buf/envoyproxy_protoc-gen-validate.bufbuild_connect-es": "0.9.0-20221025150516-6607b10f00ed.1",
        "@buf/googleapis_googleapis.bufbuild_connect-es": "0.9.0-20230329151039-5ae7f88519b0.1"
      },
      "peerDependencies": {
        "@bufbuild/connect": "^0.9.0"
      }
    },
    "node_modules/@buf/cncf_xds.bufbuild_connect-es/node_modules/@buf/googleapis_googleapis.bufbuild_connect-es": {
      "version": "0.9.0-20230329151039-5ae7f88519b0.1",
      "resolved": "https://buf.build/gen/npm/v1/@buf/googleapis_googleapis.bufbuild_connect-es/-/googleapis_googleapis.bufbuild_connect-es-0.9.0-20230329151039-5ae7f88519b0.1.tgz",
      "dependencies": {
        "@buf/googleapis_googleapis.bufbuild_es": "1.2.0-20230329151039-5ae7f88519b0.1"
      },
      "peerDependencies": {
        "@bufbuild/connect": "^0.9.0"
      }
    },
    "node_modules/@buf/cncf_xds.bufbuild_es": {
      "version": "1.2.0-20230428204815-197fca8a74c5.1",
      "resolved": "https://buf.build/gen/npm/v1/@buf/cncf_xds.bufbuild_es/-/cncf_xds.bufbuild_es-1.2.0-20230428204815-197fca8a74c5.1.tgz",
      "dependencies": {
        "@buf/envoyproxy_protoc-gen-validate.bufbuild_es": "1.2.0-20221025150516-6607b10f00ed.1",
        "@buf/googleapis_googleapis.bufbuild_es": "1.2.0-20230329151039-5ae7f88519b0.1"
      },
      "peerDependencies": {
        "@bufbuild/protobuf": "^1.2.0"
      }
    },
    "node_modules/@buf/envoyproxy_envoy.bufbuild_connect-es": {
      "version": "0.9.0-20230516211932-3afde44c0a3a.1",
      "resolved": "https://buf.build/gen/npm/v1/@buf/envoyproxy_envoy.bufbuild_connect-es/-/envoyproxy_envoy.bufbuild_connect-es-0.9.0-20230516211932-3afde44c0a3a.1.tgz",
      "dependencies": {
        "@buf/cncf_xds.bufbuild_connect-es": "0.9.0-20230428204815-197fca8a74c5.1",
        "@buf/envoyproxy_envoy.bufbuild_es": "1.2.0-20230516211932-3afde44c0a3a.1",
        "@buf/envoyproxy_protoc-gen-validate.bufbuild_connect-es": "0.9.0-20221025150516-6607b10f00ed.1",
        "@buf/googleapis_googleapis.bufbuild_connect-es": "0.9.0-20230502210827-cc916c318597.1",
        "@buf/opencensus_opencensus.bufbuild_connect-es": "0.9.0-20230503204408-7e4755513505.1",
        "@buf/opentelemetry_opentelemetry.bufbuild_connect-es": "0.9.0-20230516211923-547fa0c6b925.1",
        "@buf/prometheus_client-model.bufbuild_connect-es": "0.9.0-20230331140308-55bcfe88c9e5.1"
      },
      "peerDependencies": {
        "@bufbuild/connect": "^0.9.0"
      }
    },
    "node_modules/@buf/envoyproxy_envoy.bufbuild_es": {
      "version": "1.2.0-20230516211932-3afde44c0a3a.1",
      "resolved": "https://buf.build/gen/npm/v1/@buf/envoyproxy_envoy.bufbuild_es/-/envoyproxy_envoy.bufbuild_es-1.2.0-20230516211932-3afde44c0a3a.1.tgz",
      "dependencies": {
        "@buf/cncf_xds.bufbuild_es": "1.2.0-20230428204815-197fca8a74c5.1",
        "@buf/envoyproxy_protoc-gen-validate.bufbuild_es": "1.2.0-20221025150516-6607b10f00ed.1",
        "@buf/googleapis_googleapis.bufbuild_es": "1.2.0-20230502210827-cc916c318597.1",
        "@buf/opencensus_opencensus.bufbuild_es": "1.2.0-20230503204408-7e4755513505.1",
        "@buf/opentelemetry_opentelemetry.bufbuild_es": "1.2.0-20230516211923-547fa0c6b925.1",
        "@buf/prometheus_client-model.bufbuild_es": "1.2.0-20230331140308-55bcfe88c9e5.1"
      },
      "peerDependencies": {
        "@bufbuild/protobuf": "^1.2.0"
      }
    },
    "node_modules/@buf/envoyproxy_envoy.bufbuild_es/node_modules/@buf/googleapis_googleapis.bufbuild_es": {
      "version": "1.2.0-20230502210827-cc916c318597.1",
      "resolved": "https://buf.build/gen/npm/v1/@buf/googleapis_googleapis.bufbuild_es/-/googleapis_googleapis.bufbuild_es-1.2.0-20230502210827-cc916c318597.1.tgz",
      "peerDependencies": {
        "@bufbuild/protobuf": "^1.2.0"
      }
    },
    "node_modules/@buf/envoyproxy_protoc-gen-validate.bufbuild_connect-es": {
      "version": "0.9.0-20221025150516-6607b10f00ed.1",
      "resolved": "https://buf.build/gen/npm/v1/@buf/envoyproxy_protoc-gen-validate.bufbuild_connect-es/-/envoyproxy_protoc-gen-validate.bufbuild_connect-es-0.9.0-20221025150516-6607b10f00ed.1.tgz",
      "dependencies": {
        "@buf/envoyproxy_protoc-gen-validate.bufbuild_es": "1.2.0-20221025150516-6607b10f00ed.1"
      },
      "peerDependencies": {
        "@bufbuild/connect": "^0.9.0"
      }
    },
    "node_modules/@buf/envoyproxy_protoc-gen-validate.bufbuild_es": {
      "version": "1.2.0-20221025150516-6607b10f00ed.1",
      "resolved": "https://buf.build/gen/npm/v1/@buf/envoyproxy_protoc-gen-validate.bufbuild_es/-/envoyproxy_protoc-gen-validate.bufbuild_es-1.2.0-20221025150516-6607b10f00ed.1.tgz",
      "peerDependencies": {
        "@bufbuild/protobuf": "^1.2.0"
      }
    },
    "node_modules/@buf/googleapis_googleapis.bufbuild_connect-es": {
      "version": "0.9.0-20230502210827-cc916c318597.1",
      "resolved": "https://buf.build/gen/npm/v1/@buf/googleapis_googleapis.bufbuild_connect-es/-/googleapis_googleapis.bufbuild_connect-es-0.9.0-20230502210827-cc916c318597.1.tgz",
      "dependencies": {
        "@buf/googleapis_googleapis.bufbuild_es": "1.2.0-20230502210827-cc916c318597.1"
      },
      "peerDependencies": {
        "@bufbuild/connect": "^0.9.0"
      }
    },
    "node_modules/@buf/googleapis_googleapis.bufbuild_connect-es/node_modules/@buf/googleapis_googleapis.bufbuild_es": {
      "version": "1.2.0-20230502210827-cc916c318597.1",
      "resolved": "https://buf.build/gen/npm/v1/@buf/googleapis_googleapis.bufbuild_es/-/googleapis_googleapis.bufbuild_es-1.2.0-20230502210827-cc916c318597.1.tgz",
      "peerDependencies": {
        "@bufbuild/protobuf": "^1.2.0"
      }
    },
    "node_modules/@buf/googleapis_googleapis.bufbuild_es": {
      "version": "1.2.0-20230329151039-5ae7f88519b0.1",
      "resolved": "https://buf.build/gen/npm/v1/@buf/googleapis_googleapis.bufbuild_es/-/googleapis_googleapis.bufbuild_es-1.2.0-20230329151039-5ae7f88519b0.1.tgz",
      "peerDependencies": {
        "@bufbuild/protobuf": "^1.2.0"
      }
    },
    "node_modules/@buf/grpc_grpc.bufbuild_connect-es": {
      "version": "0.9.0-20230516211939-d8bc6b0fb32a.1",
      "resolved": "https://buf.build/gen/npm/v1/@buf/grpc_grpc.bufbuild_connect-es/-/grpc_grpc.bufbuild_connect-es-0.9.0-20230516211939-d8bc6b0fb32a.1.tgz",
      "dependencies": {
        "@buf/cncf_xds.bufbuild_connect-es": "0.9.0-20230428204815-197fca8a74c5.1",
        "@buf/envoyproxy_envoy.bufbuild_connect-es": "0.9.0-20230516211932-3afde44c0a3a.1",
        "@buf/envoyproxy_protoc-gen-validate.bufbuild_connect-es": "0.9.0-20221025150516-6607b10f00ed.1",
        "@buf/googleapis_googleapis.bufbuild_connect-es": "0.9.0-20230502210827-cc916c318597.1",
        "@buf/grpc_grpc.bufbuild_es": "1.2.0-20230516211939-d8bc6b0fb32a.1",
        "@buf/opencensus_opencensus.bufbuild_connect-es": "0.9.0-20230503204408-7e4755513505.1",
        "@buf/opentelemetry_opentelemetry.bufbuild_connect-es": "0.9.0-20230516211923-547fa0c6b925.1",
        "@buf/prometheus_client-model.bufbuild_connect-es": "0.9.0-20230331140308-55bcfe88c9e5.1"
      },
      "peerDependencies": {
        "@bufbuild/connect": "^0.9.0"
      }
    },
    "node_modules/@buf/grpc_grpc.bufbuild_es": {
      "version": "1.2.0-20230516211939-d8bc6b0fb32a.1",
      "resolved": "https://buf.build/gen/npm/v1/@buf/grpc_grpc.bufbuild_es/-/grpc_grpc.bufbuild_es-1.2.0-20230516211939-d8bc6b0fb32a.1.tgz",
      "dependencies": {
        "@buf/cncf_xds.bufbuild_es": "1.2.0-20230428204815-197fca8a74c5.1",
        "@buf/envoyproxy_envoy.bufbuild_es": "1.2.0-20230516211932-3afde44c0a3a.1",
        "@buf/envoyproxy_protoc-gen-validate.bufbuild_es": "1.2.0-20221025150516-6607b10f00ed.1",
        "@buf/googleapis_googleapis.bufbuild_es": "1.2.0-20230502210827-cc916c318597.1",
        "@buf/opencensus_opencensus.bufbuild_es": "1.2.0-20230503204408-7e4755513505.1",
        "@buf/opentelemetry_opentelemetry.bufbuild_es": "1.2.0-20230516211923-547fa0c6b925.1",
        "@buf/prometheus_client-model.bufbuild_es": "1.2.0-20230331140308-55bcfe88c9e5.1"
      },
      "peerDependencies": {
        "@bufbuild/protobuf": "^1.2.0"
      }
    },
    "node_modules/@buf/grpc_grpc.bufbuild_es/node_modules/@buf/googleapis_googleapis.bufbuild_es": {
      "version": "1.2.0-20230502210827-cc916c318597.1",
      "resolved": "https://buf.build/gen/npm/v1/@buf/googleapis_googleapis.bufbuild_es/-/googleapis_googleapis.bufbuild_es-1.2.0-20230502210827-cc916c318597.1.tgz",
      "peerDependencies": {
        "@bufbuild/protobuf": "^1.2.0"
      }
    },
    "node_modules/@buf/opencensus_opencensus.bufbuild_connect-es": {
      "version": "0.9.0-20230503204408-7e4755513505.1",
      "resolved": "https://buf.build/gen/npm/v1/@buf/opencensus_opencensus.bufbuild_connect-es/-/opencensus_opencensus.bufbuild_connect-es-0.9.0-20230503204408-7e4755513505.1.tgz",
      "dependencies": {
        "@buf/opencensus_opencensus.bufbuild_es": "1.2.0-20230503204408-7e4755513505.1"
      },
      "peerDependencies": {
        "@bufbuild/connect": "^0.9.0"
      }
    },
    "node_modules/@buf/opencensus_opencensus.bufbuild_es": {
      "version": "1.2.0-20230503204408-7e4755513505.1",
      "resolved": "https://buf.build/gen/npm/v1/@buf/opencensus_opencensus.bufbuild_es/-/opencensus_opencensus.bufbuild_es-1.2.0-20230503204408-7e4755513505.1.tgz",
      "peerDependencies": {
        "@bufbuild/protobuf": "^1.2.0"
      }
    },
    "node_modules/@buf/opentelemetry_opentelemetry.bufbuild_connect-es": {
      "version": "0.9.0-20230516211923-547fa0c6b925.1",
      "resolved": "https://buf.build/gen/npm/v1/@buf/opentelemetry_opentelemetry.bufbuild_connect-es/-/opentelemetry_opentelemetry.bufbuild_connect-es-0.9.0-20230516211923-547fa0c6b925.1.tgz",
      "dependencies": {
        "@buf/opentelemetry_opentelemetry.bufbuild_es": "1.2.0-20230516211923-547fa0c6b925.1"
      },
      "peerDependencies": {
        "@bufbuild/connect": "^0.9.0"
      }
    },
    "node_modules/@buf/opentelemetry_opentelemetry.bufbuild_es": {
      "version": "1.2.0-20230516211923-547fa0c6b925.1",
      "resolved": "https://buf.build/gen/npm/v1/@buf/opentelemetry_opentelemetry.bufbuild_es/-/opentelemetry_opentelemetry.bufbuild_es-1.2.0-20230516211923-547fa0c6b925.1.tgz",
      "peerDependencies": {
        "@bufbuild/protobuf": "^1.2.0"
      }
    },
    "node_modules/@buf/prometheus_client-model.bufbuild_connect-es": {
      "version": "0.9.0-20230331140308-55bcfe88c9e5.1",
      "resolved": "https://buf.build/gen/npm/v1/@buf/prometheus_client-model.bufbuild_connect-es/-/prometheus_client-model.bufbuild_connect-es-0.9.0-20230331140308-55bcfe88c9e5.1.tgz",
      "dependencies": {
        "@buf/prometheus_client-model.bufbuild_es": "1.2.0-20230331140308-55bcfe88c9e5.1"
      },
      "peerDependencies": {
        "@bufbuild/connect": "^0.9.0"
      }
    },
    "node_modules/@buf/prometheus_client-model.bufbuild_es": {
      "version": "1.2.0-20230331140308-55bcfe88c9e5.1",
      "resolved": "https://buf.build/gen/npm/v1/@buf/prometheus_client-model.bufbuild_es/-/prometheus_client-model.bufbuild_es-1.2.0-20230331140308-55bcfe88c9e5.1.tgz",
      "peerDependencies": {
        "@bufbuild/protobuf": "^1.2.0"
      }
    },
    "node_modules/@bufbuild/buf": {
      "version": "1.19.0-1",
      "resolved": "https://registry.npmjs.org/@bufbuild/buf/-/buf-1.19.0-1.tgz",
      "integrity": "sha512-TIsLTTQUntr/Xq/IMSULv3dlC3/ZsVwQtWgxmJ++IzSuOW79TFQfq59vFeTWrPa6+QXFMz5t6jkMyD4ghzO5nw==",
      "dev": true,
      "hasInstallScript": true,
      "bin": {
        "buf": "bin/buf",
        "protoc-gen-buf-breaking": "bin/protoc-gen-buf-breaking",
        "protoc-gen-buf-lint": "bin/protoc-gen-buf-lint"
      },
      "engines": {
        "node": ">=12"
      },
      "optionalDependencies": {
        "@bufbuild/buf-darwin-arm64": "1.19.0-1",
        "@bufbuild/buf-darwin-x64": "1.19.0-1",
        "@bufbuild/buf-linux-aarch64": "1.19.0-1",
        "@bufbuild/buf-linux-x64": "1.19.0-1",
        "@bufbuild/buf-win32-arm64": "1.19.0-1",
        "@bufbuild/buf-win32-x64": "1.19.0-1"
      }
    },
    "node_modules/@bufbuild/buf-darwin-arm64": {
      "version": "1.19.0-1",
      "resolved": "https://registry.npmjs.org/@bufbuild/buf-darwin-arm64/-/buf-darwin-arm64-1.19.0-1.tgz",
      "integrity": "sha512-HsWPii21wm3QSyuxrNq9+Yf8iAgpnC4rNCy4x3d6P1fd/LmgE1NPzQW0ghEZvl9dgAQKkL/4S5bKhlm7kbUdmQ==",
      "cpu": [
        "arm64"
      ],
      "dev": true,
      "optional": true,
      "os": [
        "darwin"
      ],
      "engines": {
        "node": ">=12"
      }
    },
    "node_modules/@bufbuild/buf-darwin-x64": {
      "version": "1.19.0-1",
      "resolved": "https://registry.npmjs.org/@bufbuild/buf-darwin-x64/-/buf-darwin-x64-1.19.0-1.tgz",
      "integrity": "sha512-2+Ig7ylYpVh4kms/OeJJVY+X0KX4awPA6hYr7L7aZOIcHwZEM8lWtSTO/se5pQc7dc8FXNiC4YUqHC8yfxxX6Q==",
      "cpu": [
        "x64"
      ],
      "dev": true,
      "optional": true,
      "os": [
        "darwin"
      ],
      "engines": {
        "node": ">=12"
      }
    },
    "node_modules/@bufbuild/buf-linux-aarch64": {
      "version": "1.19.0-1",
      "resolved": "https://registry.npmjs.org/@bufbuild/buf-linux-aarch64/-/buf-linux-aarch64-1.19.0-1.tgz",
      "integrity": "sha512-g/Vxg3WiBr3nhsxsRr2Q81xXJD+0ktHIO3ZJggTG2Sbbl3dh8kyg1iKM6MjJiMP7su5RKCylLigzoEJzVTShyA==",
      "cpu": [
        "arm64"
      ],
      "dev": true,
      "optional": true,
      "os": [
        "linux"
      ],
      "engines": {
        "node": ">=12"
      }
    },
    "node_modules/@bufbuild/buf-linux-x64": {
      "version": "1.19.0-1",
      "resolved": "https://registry.npmjs.org/@bufbuild/buf-linux-x64/-/buf-linux-x64-1.19.0-1.tgz",
      "integrity": "sha512-anYuGx8k/2kp8GPX3eHNUf3IY/01Zpnyw0HaLPXK1Btqyy6XkapVywrDqg7YUzMd1ySFEp1wD9UqRNdEFNCQ4A==",
      "cpu": [
        "x64"
      ],
      "dev": true,
      "optional": true,
      "os": [
        "linux"
      ],
      "engines": {
        "node": ">=12"
      }
    },
    "node_modules/@bufbuild/buf-win32-arm64": {
      "version": "1.19.0-1",
      "resolved": "https://registry.npmjs.org/@bufbuild/buf-win32-arm64/-/buf-win32-arm64-1.19.0-1.tgz",
      "integrity": "sha512-xXgF1qYnCfRKbGx1FqvPbpZ6ajh4ddxpXhSxI3VCeb3MsMBuIbiLqX4fQAL3ls/Zwz8tVIITuSwOhYmSEGcpBA==",
      "cpu": [
        "arm64"
      ],
      "dev": true,
      "optional": true,
      "os": [
        "win32"
      ],
      "engines": {
        "node": ">=12"
      }
    },
    "node_modules/@bufbuild/buf-win32-x64": {
      "version": "1.19.0-1",
      "resolved": "https://registry.npmjs.org/@bufbuild/buf-win32-x64/-/buf-win32-x64-1.19.0-1.tgz",
      "integrity": "sha512-futmqgpMQCR1lcAzZJEGjPr7ECw1gYTPIV8crm5SY+iCJ7sOeStOBNt7q5hV4LKmmeWmvm03XIMZPjhQzjH5NQ==",
      "cpu": [
        "x64"
      ],
      "dev": true,
      "optional": true,
      "os": [
        "win32"
      ],
      "engines": {
        "node": ">=12"
      }
    },
    "node_modules/@bufbuild/connect": {
      "version": "0.9.0",
      "resolved": "https://registry.npmjs.org/@bufbuild/connect/-/connect-0.9.0.tgz",
      "integrity": "sha512-UGOapHlbdbXW9Os08plEuR2k3ZwFWni3BnYVSEPITDTjgEqTagbm6lNWurXM53FDPvueSYYTTJF3Rivhp03xbQ==",
      "peerDependencies": {
        "@bufbuild/protobuf": "^1.2.0"
      }
    },
    "node_modules/@bufbuild/connect-web": {
      "version": "0.9.0",
      "resolved": "https://registry.npmjs.org/@bufbuild/connect-web/-/connect-web-0.9.0.tgz",
      "integrity": "sha512-WyYWjPRWceUc/1d5n8oA1NcCni2ND6qj8iXd1Hqy6qkCyo2n/FUSSe3oQuoXYZ9KCUI+5qexHz46n2jtzmFDiQ==",
      "dependencies": {
        "@bufbuild/connect": "0.9.0"
      },
      "peerDependencies": {
        "@bufbuild/protobuf": "^1.2.0"
      }
    },
    "node_modules/@bufbuild/protobuf": {
      "version": "1.2.0",
      "resolved": "https://registry.npmjs.org/@bufbuild/protobuf/-/protobuf-1.2.0.tgz",
      "integrity": "sha512-MBVuQMOBHxgGnZ9XCUIi8WOy5O/T4ma3TduCRhRvndv3UDbG9cHgd8h6nOYSGyBYPEvXf1z9nTwhp8mVIDbq2g=="
    },
    "node_modules/@bufbuild/protoc-gen-connect-es": {
      "version": "0.9.0",
      "resolved": "https://registry.npmjs.org/@bufbuild/protoc-gen-connect-es/-/protoc-gen-connect-es-0.9.0.tgz",
      "integrity": "sha512-PiLmuti2hbHiZ0u/frUExq9o+RFHnOOnkgPbFZ0JJd0X4bug7q/LWOPWhGwuLKwiZjO+D7XkdApzvvRXchUlwA==",
      "dev": true,
      "dependencies": {
        "@bufbuild/protobuf": "^1.2.0",
        "@bufbuild/protoplugin": "^1.2.0"
      },
      "bin": {
        "protoc-gen-connect-es": "bin/protoc-gen-connect-es"
      },
      "engines": {
        "node": ">=16.0.0"
      },
      "peerDependencies": {
        "@bufbuild/connect": "0.9.0",
        "@bufbuild/protoc-gen-es": "^1.2.0"
      },
      "peerDependenciesMeta": {
        "@bufbuild/connect": {
          "optional": true
        },
        "@bufbuild/protoc-gen-es": {
          "optional": true
        }
      }
    },
    "node_modules/@bufbuild/protoc-gen-es": {
      "version": "1.2.0",
      "resolved": "https://registry.npmjs.org/@bufbuild/protoc-gen-es/-/protoc-gen-es-1.2.0.tgz",
      "integrity": "sha512-rdg2+Co4H+cImZ81EEzHLEi9bmzmMnS/bsf7XLHKtWYskj1PZVIalfquQejcSV6eWbdmVGKa29JwI5zEkSmkCQ==",
      "dev": true,
      "dependencies": {
        "@bufbuild/protoplugin": "1.2.0"
      },
      "bin": {
        "protoc-gen-es": "bin/protoc-gen-es"
      },
      "engines": {
        "node": ">=14"
      },
      "peerDependencies": {
        "@bufbuild/protobuf": "1.2.0"
      },
      "peerDependenciesMeta": {
        "@bufbuild/protobuf": {
          "optional": true
        }
      }
    },
    "node_modules/@bufbuild/protoplugin": {
      "version": "1.2.0",
      "resolved": "https://registry.npmjs.org/@bufbuild/protoplugin/-/protoplugin-1.2.0.tgz",
      "integrity": "sha512-TX0mEk+LdIbpK2xr5RqeUswR8jGZs6uCX6Cq8azADj8hhiUr7Xty8agEOU/zR+J71D4dV5SnyEPYyw0nGJ6dGQ==",
      "dev": true,
      "dependencies": {
        "@bufbuild/protobuf": "1.2.0",
        "@typescript/vfs": "^1.4.0",
        "typescript": "4.5.2"
      }
    },
    "node_modules/@bufbuild/protoplugin/node_modules/typescript": {
      "version": "4.5.2",
      "resolved": "https://registry.npmjs.org/typescript/-/typescript-4.5.2.tgz",
      "integrity": "sha512-5BlMof9H1yGt0P8/WF+wPNw6GfctgGjXp5hkblpyT+8rkASSmkUKMXrxR0Xg8ThVCi/JnHQiKXeBaEwCeQwMFw==",
      "dev": true,
      "bin": {
        "tsc": "bin/tsc",
        "tsserver": "bin/tsserver"
      },
      "engines": {
        "node": ">=4.2.0"
      }
    },
    "node_modules/@esbuild/android-arm": {
      "version": "0.17.19",
      "resolved": "https://registry.npmjs.org/@esbuild/android-arm/-/android-arm-0.17.19.tgz",
      "integrity": "sha512-rIKddzqhmav7MSmoFCmDIb6e2W57geRsM94gV2l38fzhXMwq7hZoClug9USI2pFRGL06f4IOPHHpFNOkWieR8A==",
      "cpu": [
        "arm"
      ],
      "optional": true,
      "os": [
        "android"
      ],
      "engines": {
        "node": ">=12"
      }
    },
    "node_modules/@esbuild/android-arm64": {
      "version": "0.17.19",
      "resolved": "https://registry.npmjs.org/@esbuild/android-arm64/-/android-arm64-0.17.19.tgz",
      "integrity": "sha512-KBMWvEZooR7+kzY0BtbTQn0OAYY7CsiydT63pVEaPtVYF0hXbUaOyZog37DKxK7NF3XacBJOpYT4adIJh+avxA==",
      "cpu": [
        "arm64"
      ],
      "optional": true,
      "os": [
        "android"
      ],
      "engines": {
        "node": ">=12"
      }
    },
    "node_modules/@esbuild/android-x64": {
      "version": "0.17.19",
      "resolved": "https://registry.npmjs.org/@esbuild/android-x64/-/android-x64-0.17.19.tgz",
      "integrity": "sha512-uUTTc4xGNDT7YSArp/zbtmbhO0uEEK9/ETW29Wk1thYUJBz3IVnvgEiEwEa9IeLyvnpKrWK64Utw2bgUmDveww==",
      "cpu": [
        "x64"
      ],
      "optional": true,
      "os": [
        "android"
      ],
      "engines": {
        "node": ">=12"
      }
    },
    "node_modules/@esbuild/darwin-arm64": {
      "version": "0.17.19",
      "resolved": "https://registry.npmjs.org/@esbuild/darwin-arm64/-/darwin-arm64-0.17.19.tgz",
      "integrity": "sha512-80wEoCfF/hFKM6WE1FyBHc9SfUblloAWx6FJkFWTWiCoht9Mc0ARGEM47e67W9rI09YoUxJL68WHfDRYEAvOhg==",
      "cpu": [
        "arm64"
      ],
      "optional": true,
      "os": [
        "darwin"
      ],
      "engines": {
        "node": ">=12"
      }
    },
    "node_modules/@esbuild/darwin-x64": {
      "version": "0.17.19",
      "resolved": "https://registry.npmjs.org/@esbuild/darwin-x64/-/darwin-x64-0.17.19.tgz",
      "integrity": "sha512-IJM4JJsLhRYr9xdtLytPLSH9k/oxR3boaUIYiHkAawtwNOXKE8KoU8tMvryogdcT8AU+Bflmh81Xn6Q0vTZbQw==",
      "cpu": [
        "x64"
      ],
      "optional": true,
      "os": [
        "darwin"
      ],
      "engines": {
        "node": ">=12"
      }
    },
    "node_modules/@esbuild/freebsd-arm64": {
      "version": "0.17.19",
      "resolved": "https://registry.npmjs.org/@esbuild/freebsd-arm64/-/freebsd-arm64-0.17.19.tgz",
      "integrity": "sha512-pBwbc7DufluUeGdjSU5Si+P3SoMF5DQ/F/UmTSb8HXO80ZEAJmrykPyzo1IfNbAoaqw48YRpv8shwd1NoI0jcQ==",
      "cpu": [
        "arm64"
      ],
      "optional": true,
      "os": [
        "freebsd"
      ],
      "engines": {
        "node": ">=12"
      }
    },
    "node_modules/@esbuild/freebsd-x64": {
      "version": "0.17.19",
      "resolved": "https://registry.npmjs.org/@esbuild/freebsd-x64/-/freebsd-x64-0.17.19.tgz",
      "integrity": "sha512-4lu+n8Wk0XlajEhbEffdy2xy53dpR06SlzvhGByyg36qJw6Kpfk7cp45DR/62aPH9mtJRmIyrXAS5UWBrJT6TQ==",
      "cpu": [
        "x64"
      ],
      "optional": true,
      "os": [
        "freebsd"
      ],
      "engines": {
        "node": ">=12"
      }
    },
    "node_modules/@esbuild/linux-arm": {
      "version": "0.17.19",
      "resolved": "https://registry.npmjs.org/@esbuild/linux-arm/-/linux-arm-0.17.19.tgz",
      "integrity": "sha512-cdmT3KxjlOQ/gZ2cjfrQOtmhG4HJs6hhvm3mWSRDPtZ/lP5oe8FWceS10JaSJC13GBd4eH/haHnqf7hhGNLerA==",
      "cpu": [
        "arm"
      ],
      "optional": true,
      "os": [
        "linux"
      ],
      "engines": {
        "node": ">=12"
      }
    },
    "node_modules/@esbuild/linux-arm64": {
      "version": "0.17.19",
      "resolved": "https://registry.npmjs.org/@esbuild/linux-arm64/-/linux-arm64-0.17.19.tgz",
      "integrity": "sha512-ct1Tg3WGwd3P+oZYqic+YZF4snNl2bsnMKRkb3ozHmnM0dGWuxcPTTntAF6bOP0Sp4x0PjSF+4uHQ1xvxfRKqg==",
      "cpu": [
        "arm64"
      ],
      "optional": true,
      "os": [
        "linux"
      ],
      "engines": {
        "node": ">=12"
      }
    },
    "node_modules/@esbuild/linux-ia32": {
      "version": "0.17.19",
      "resolved": "https://registry.npmjs.org/@esbuild/linux-ia32/-/linux-ia32-0.17.19.tgz",
      "integrity": "sha512-w4IRhSy1VbsNxHRQpeGCHEmibqdTUx61Vc38APcsRbuVgK0OPEnQ0YD39Brymn96mOx48Y2laBQGqgZ0j9w6SQ==",
      "cpu": [
        "ia32"
      ],
      "optional": true,
      "os": [
        "linux"
      ],
      "engines": {
        "node": ">=12"
      }
    },
    "node_modules/@esbuild/linux-loong64": {
      "version": "0.17.19",
      "resolved": "https://registry.npmjs.org/@esbuild/linux-loong64/-/linux-loong64-0.17.19.tgz",
      "integrity": "sha512-2iAngUbBPMq439a+z//gE+9WBldoMp1s5GWsUSgqHLzLJ9WoZLZhpwWuym0u0u/4XmZ3gpHmzV84PonE+9IIdQ==",
      "cpu": [
        "loong64"
      ],
      "optional": true,
      "os": [
        "linux"
      ],
      "engines": {
        "node": ">=12"
      }
    },
    "node_modules/@esbuild/linux-mips64el": {
      "version": "0.17.19",
      "resolved": "https://registry.npmjs.org/@esbuild/linux-mips64el/-/linux-mips64el-0.17.19.tgz",
      "integrity": "sha512-LKJltc4LVdMKHsrFe4MGNPp0hqDFA1Wpt3jE1gEyM3nKUvOiO//9PheZZHfYRfYl6AwdTH4aTcXSqBerX0ml4A==",
      "cpu": [
        "mips64el"
      ],
      "optional": true,
      "os": [
        "linux"
      ],
      "engines": {
        "node": ">=12"
      }
    },
    "node_modules/@esbuild/linux-ppc64": {
      "version": "0.17.19",
      "resolved": "https://registry.npmjs.org/@esbuild/linux-ppc64/-/linux-ppc64-0.17.19.tgz",
      "integrity": "sha512-/c/DGybs95WXNS8y3Ti/ytqETiW7EU44MEKuCAcpPto3YjQbyK3IQVKfF6nbghD7EcLUGl0NbiL5Rt5DMhn5tg==",
      "cpu": [
        "ppc64"
      ],
      "optional": true,
      "os": [
        "linux"
      ],
      "engines": {
        "node": ">=12"
      }
    },
    "node_modules/@esbuild/linux-riscv64": {
      "version": "0.17.19",
      "resolved": "https://registry.npmjs.org/@esbuild/linux-riscv64/-/linux-riscv64-0.17.19.tgz",
      "integrity": "sha512-FC3nUAWhvFoutlhAkgHf8f5HwFWUL6bYdvLc/TTuxKlvLi3+pPzdZiFKSWz/PF30TB1K19SuCxDTI5KcqASJqA==",
      "cpu": [
        "riscv64"
      ],
      "optional": true,
      "os": [
        "linux"
      ],
      "engines": {
        "node": ">=12"
      }
    },
    "node_modules/@esbuild/linux-s390x": {
      "version": "0.17.19",
      "resolved": "https://registry.npmjs.org/@esbuild/linux-s390x/-/linux-s390x-0.17.19.tgz",
      "integrity": "sha512-IbFsFbxMWLuKEbH+7sTkKzL6NJmG2vRyy6K7JJo55w+8xDk7RElYn6xvXtDW8HCfoKBFK69f3pgBJSUSQPr+4Q==",
      "cpu": [
        "s390x"
      ],
      "optional": true,
      "os": [
        "linux"
      ],
      "engines": {
        "node": ">=12"
      }
    },
    "node_modules/@esbuild/linux-x64": {
      "version": "0.17.19",
      "resolved": "https://registry.npmjs.org/@esbuild/linux-x64/-/linux-x64-0.17.19.tgz",
      "integrity": "sha512-68ngA9lg2H6zkZcyp22tsVt38mlhWde8l3eJLWkyLrp4HwMUr3c1s/M2t7+kHIhvMjglIBrFpncX1SzMckomGw==",
      "cpu": [
        "x64"
      ],
      "optional": true,
      "os": [
        "linux"
      ],
      "engines": {
        "node": ">=12"
      }
    },
    "node_modules/@esbuild/netbsd-x64": {
      "version": "0.17.19",
      "resolved": "https://registry.npmjs.org/@esbuild/netbsd-x64/-/netbsd-x64-0.17.19.tgz",
      "integrity": "sha512-CwFq42rXCR8TYIjIfpXCbRX0rp1jo6cPIUPSaWwzbVI4aOfX96OXY8M6KNmtPcg7QjYeDmN+DD0Wp3LaBOLf4Q==",
      "cpu": [
        "x64"
      ],
      "optional": true,
      "os": [
        "netbsd"
      ],
      "engines": {
        "node": ">=12"
      }
    },
    "node_modules/@esbuild/openbsd-x64": {
      "version": "0.17.19",
      "resolved": "https://registry.npmjs.org/@esbuild/openbsd-x64/-/openbsd-x64-0.17.19.tgz",
      "integrity": "sha512-cnq5brJYrSZ2CF6c35eCmviIN3k3RczmHz8eYaVlNasVqsNY+JKohZU5MKmaOI+KkllCdzOKKdPs762VCPC20g==",
      "cpu": [
        "x64"
      ],
      "optional": true,
      "os": [
        "openbsd"
      ],
      "engines": {
        "node": ">=12"
      }
    },
    "node_modules/@esbuild/sunos-x64": {
      "version": "0.17.19",
      "resolved": "https://registry.npmjs.org/@esbuild/sunos-x64/-/sunos-x64-0.17.19.tgz",
      "integrity": "sha512-vCRT7yP3zX+bKWFeP/zdS6SqdWB8OIpaRq/mbXQxTGHnIxspRtigpkUcDMlSCOejlHowLqII7K2JKevwyRP2rg==",
      "cpu": [
        "x64"
      ],
      "optional": true,
      "os": [
        "sunos"
      ],
      "engines": {
        "node": ">=12"
      }
    },
    "node_modules/@esbuild/win32-arm64": {
      "version": "0.17.19",
      "resolved": "https://registry.npmjs.org/@esbuild/win32-arm64/-/win32-arm64-0.17.19.tgz",
      "integrity": "sha512-yYx+8jwowUstVdorcMdNlzklLYhPxjniHWFKgRqH7IFlUEa0Umu3KuYplf1HUZZ422e3NU9F4LGb+4O0Kdcaag==",
      "cpu": [
        "arm64"
      ],
      "optional": true,
      "os": [
        "win32"
      ],
      "engines": {
        "node": ">=12"
      }
    },
    "node_modules/@esbuild/win32-ia32": {
      "version": "0.17.19",
      "resolved": "https://registry.npmjs.org/@esbuild/win32-ia32/-/win32-ia32-0.17.19.tgz",
      "integrity": "sha512-eggDKanJszUtCdlVs0RB+h35wNlb5v4TWEkq4vZcmVt5u/HiDZrTXe2bWFQUez3RgNHwx/x4sk5++4NSSicKkw==",
      "cpu": [
        "ia32"
      ],
      "optional": true,
      "os": [
        "win32"
      ],
      "engines": {
        "node": ">=12"
      }
    },
    "node_modules/@esbuild/win32-x64": {
      "version": "0.17.19",
      "resolved": "https://registry.npmjs.org/@esbuild/win32-x64/-/win32-x64-0.17.19.tgz",
      "integrity": "sha512-lAhycmKnVOuRYNtRtatQR1LPQf2oYCkRGkSFnseDAKPl8lu5SOsK/e1sXe5a0Pc5kHIHe6P2I/ilntNv2xf3cA==",
      "cpu": [
        "x64"
      ],
      "optional": true,
      "os": [
        "win32"
      ],
      "engines": {
        "node": ">=12"
      }
    },
    "node_modules/@typescript/vfs": {
      "version": "1.4.0",
      "resolved": "https://registry.npmjs.org/@typescript/vfs/-/vfs-1.4.0.tgz",
      "integrity": "sha512-Pood7yv5YWMIX+yCHo176OnF8WUlKGImFG7XlsuH14Zb1YN5+dYD3uUtS7lqZtsH7tAveNUi2NzdpQCN0yRbaw==",
      "dev": true,
      "dependencies": {
        "debug": "^4.1.1"
      }
    },
    "node_modules/debug": {
      "version": "4.3.4",
      "resolved": "https://registry.npmjs.org/debug/-/debug-4.3.4.tgz",
      "integrity": "sha512-PRWFHuSU3eDtQJPvnNY7Jcket1j0t5OuOsFzPPzsekD52Zl8qUfFIPEiswXqIvHWGVHOgX+7G/vCNNhehwxfkQ==",
      "dev": true,
      "dependencies": {
        "ms": "2.1.2"
      },
      "engines": {
        "node": ">=6.0"
      },
      "peerDependenciesMeta": {
        "supports-color": {
          "optional": true
        }
      }
    },
    "node_modules/esbuild": {
      "version": "0.17.19",
      "resolved": "https://registry.npmjs.org/esbuild/-/esbuild-0.17.19.tgz",
      "integrity": "sha512-XQ0jAPFkK/u3LcVRcvVHQcTIqD6E2H1fvZMA5dQPSOWb3suUbWbfbRf94pjc0bNzRYLfIrDRQXr7X+LHIm5oHw==",
      "hasInstallScript": true,
      "bin": {
        "esbuild": "bin/esbuild"
      },
      "engines": {
        "node": ">=12"
      },
      "optionalDependencies": {
        "@esbuild/android-arm": "0.17.19",
        "@esbuild/android-arm64": "0.17.19",
        "@esbuild/android-x64": "0.17.19",
        "@esbuild/darwin-arm64": "0.17.19",
        "@esbuild/darwin-x64": "0.17.19",
        "@esbuild/freebsd-arm64": "0.17.19",
        "@esbuild/freebsd-x64": "0.17.19",
        "@esbuild/linux-arm": "0.17.19",
        "@esbuild/linux-arm64": "0.17.19",
        "@esbuild/linux-ia32": "0.17.19",
        "@esbuild/linux-loong64": "0.17.19",
        "@esbuild/linux-mips64el": "0.17.19",
        "@esbuild/linux-ppc64": "0.17.19",
        "@esbuild/linux-riscv64": "0.17.19",
        "@esbuild/linux-s390x": "0.17.19",
        "@esbuild/linux-x64": "0.17.19",
        "@esbuild/netbsd-x64": "0.17.19",
        "@esbuild/openbsd-x64": "0.17.19",
        "@esbuild/sunos-x64": "0.17.19",
        "@esbuild/win32-arm64": "0.17.19",
        "@esbuild/win32-ia32": "0.17.19",
        "@esbuild/win32-x64": "0.17.19"
      }
    },
    "node_modules/fsevents": {
      "version": "2.3.2",
      "resolved": "https://registry.npmjs.org/fsevents/-/fsevents-2.3.2.tgz",
      "integrity": "sha512-xiqMQR4xAeHTuB9uWm+fFRcIOgKBMiOBP+eXiyT7jsgVCq1bkVygt00oASowB7EdtpOHaaPgKt812P9ab+DDKA==",
      "hasInstallScript": true,
      "optional": true,
      "os": [
        "darwin"
      ],
      "engines": {
        "node": "^8.16.0 || ^10.6.0 || >=11.0.0"
      }
    },
    "node_modules/ms": {
      "version": "2.1.2",
      "resolved": "https://registry.npmjs.org/ms/-/ms-2.1.2.tgz",
      "integrity": "sha512-sGkPx+VjMtmA6MX27oA4FBFELFCZZ4S4XqeGOXCv68tT+jb3vk/RyaKWP0PTKyWtmLSM0b+adUTEvbs1PEaH2w==",
      "dev": true
    },
    "node_modules/nanoid": {
      "version": "3.3.6",
      "resolved": "https://registry.npmjs.org/nanoid/-/nanoid-3.3.6.tgz",
      "integrity": "sha512-BGcqMMJuToF7i1rt+2PWSNVnWIkGCU78jBG3RxO/bZlnZPK2Cmi2QaffxGO/2RvWi9sL+FAiRiXMgsyxQ1DIDA==",
      "funding": [
        {
          "type": "github",
          "url": "https://github.com/sponsors/ai"
        }
      ],
      "bin": {
        "nanoid": "bin/nanoid.cjs"
      },
      "engines": {
        "node": "^10 || ^12 || ^13.7 || ^14 || >=15.0.1"
      }
    },
    "node_modules/picocolors": {
      "version": "1.0.0",
      "resolved": "https://registry.npmjs.org/picocolors/-/picocolors-1.0.0.tgz",
      "integrity": "sha512-1fygroTLlHu66zi26VoTDv8yRgm0Fccecssto+MhsZ0D/DGW2sm8E8AjW7NU5VVTRt5GxbeZ5qBuJr+HyLYkjQ=="
    },
    "node_modules/postcss": {
      "version": "8.4.23",
      "resolved": "https://registry.npmjs.org/postcss/-/postcss-8.4.23.tgz",
      "integrity": "sha512-bQ3qMcpF6A/YjR55xtoTr0jGOlnPOKAIMdOWiv0EIT6HVPEaJiJB4NLljSbiHoC2RX7DN5Uvjtpbg1NPdwv1oA==",
      "funding": [
        {
          "type": "opencollective",
          "url": "https://opencollective.com/postcss/"
        },
        {
          "type": "tidelift",
          "url": "https://tidelift.com/funding/github/npm/postcss"
        },
        {
          "type": "github",
          "url": "https://github.com/sponsors/ai"
        }
      ],
      "dependencies": {
        "nanoid": "^3.3.6",
        "picocolors": "^1.0.0",
        "source-map-js": "^1.0.2"
      },
      "engines": {
        "node": "^10 || ^12 || >=14"
      }
    },
    "node_modules/rollup": {
      "version": "3.23.0",
      "resolved": "https://registry.npmjs.org/rollup/-/rollup-3.23.0.tgz",
      "integrity": "sha512-h31UlwEi7FHihLe1zbk+3Q7z1k/84rb9BSwmBSr/XjOCEaBJ2YyedQDuM0t/kfOS0IxM+vk1/zI9XxYj9V+NJQ==",
      "bin": {
        "rollup": "dist/bin/rollup"
      },
      "engines": {
        "node": ">=14.18.0",
        "npm": ">=8.0.0"
      },
      "optionalDependencies": {
        "fsevents": "~2.3.2"
      }
    },
    "node_modules/source-map-js": {
      "version": "1.0.2",
      "resolved": "https://registry.npmjs.org/source-map-js/-/source-map-js-1.0.2.tgz",
      "integrity": "sha512-R0XvVJ9WusLiqTCEiGCmICCMplcCkIwwR11mOSD9CR5u+IXYdiseeEuXCVAjS54zqwkLcPNnmU4OeJ6tUrWhDw==",
      "engines": {
        "node": ">=0.10.0"
      }
    },
    "node_modules/typescript": {
      "version": "5.0.4",
      "resolved": "https://registry.npmjs.org/typescript/-/typescript-5.0.4.tgz",
      "integrity": "sha512-cW9T5W9xY37cc+jfEnaUvX91foxtHkza3Nw3wkoF4sSlKn0MONdkdEndig/qPBWXNkmplh3NzayQzCiHM4/hqw==",
      "dev": true,
      "bin": {
        "tsc": "bin/tsc",
        "tsserver": "bin/tsserver"
      },
      "engines": {
        "node": ">=12.20"
      }
    },
    "node_modules/vite": {
      "version": "4.3.9",
      "resolved": "https://registry.npmjs.org/vite/-/vite-4.3.9.tgz",
      "integrity": "sha512-qsTNZjO9NoJNW7KnOrgYwczm0WctJ8m/yqYAMAK9Lxt4SoySUfS5S8ia9K7JHpa3KEeMfyF8LoJ3c5NeBJy6pg==",
      "dependencies": {
        "esbuild": "^0.17.5",
        "postcss": "^8.4.23",
        "rollup": "^3.21.0"
      },
      "bin": {
        "vite": "bin/vite.js"
      },
      "engines": {
        "node": "^14.18.0 || >=16.0.0"
      },
      "optionalDependencies": {
        "fsevents": "~2.3.2"
      },
      "peerDependencies": {
        "@types/node": ">= 14",
        "less": "*",
        "sass": "*",
        "stylus": "*",
        "sugarss": "*",
        "terser": "^5.4.0"
      },
      "peerDependenciesMeta": {
        "@types/node": {
          "optional": true
        },
        "less": {
          "optional": true
        },
        "sass": {
          "optional": true
        },
        "stylus": {
          "optional": true
        },
        "sugarss": {
          "optional": true
        },
        "terser": {
          "optional": true
        }
      }
    }
  }
}
